
Microsoft Visual Studio Solution File, Format Version 12.00
# Visual Studio Version 17
VisualStudioVersion = 17.2.32519.379
MinimumVisualStudioVersion = 10.0.40219.1
Project("{FAE04EC0-301F-11D3-BF4B-00C04F79EFBC}") = "API-UI", "API-UI\API-UI.csproj", "{FD2C03DC-C424-4C6E-BC3C-A93C6F12CE58}"
EndProject
Project("{FAE04EC0-301F-11D3-BF4B-00C04F79EFBC}") = "Core", "Core\Core.csproj", "{6A0D5650-994A-44BF-8DF0-76436F226937}"
EndProject
Project("{FAE04EC0-301F-11D3-BF4B-00C04F79EFBC}") = "Infrastructure", "Infrastructure\Infrastructure.csproj", "{38F1D6D3-F508-43AF-84A9-11BBDED746B6}"
EndProject
Global
	GlobalSection(SolutionConfigurationPlatforms) = preSolution
		Debug|Any CPU = Debug|Any CPU
		Release|Any CPU = Release|Any CPU
	EndGlobalSection
	GlobalSection(ProjectConfigurationPlatforms) = postSolution
		{FD2C03DC-C424-4C6E-BC3C-A93C6F12CE58}.Debug|Any CPU.ActiveCfg = Debug|Any CPU
		{FD2C03DC-C424-4C6E-BC3C-A93C6F12CE58}.Debug|Any CPU.Build.0 = Debug|Any CPU
		{FD2C03DC-C424-4C6E-BC3C-A93C6F12CE58}.Release|Any CPU.ActiveCfg = Release|Any CPU
		{FD2C03DC-C424-4C6E-BC3C-A93C6F12CE58}.Release|Any CPU.Build.0 = Release|Any CPU
		{6A0D5650-994A-44BF-8DF0-76436F226937}.Debug|Any CPU.ActiveCfg = Debug|Any CPU
		{6A0D5650-994A-44BF-8DF0-76436F226937}.Debug|Any CPU.Build.0 = Debug|Any CPU
		{6A0D5650-994A-44BF-8DF0-76436F226937}.Release|Any CPU.ActiveCfg = Release|Any CPU
		{6A0D5650-994A-44BF-8DF0-76436F226937}.Release|Any CPU.Build.0 = Release|Any CPU
		{38F1D6D3-F508-43AF-84A9-11BBDED746B6}.Debug|Any CPU.ActiveCfg = Debug|Any CPU
		{38F1D6D3-F508-43AF-84A9-11BBDED746B6}.Debug|Any CPU.Build.0 = Debug|Any CPU
		{38F1D6D3-F508-43AF-84A9-11BBDED746B6}.Release|Any CPU.ActiveCfg = Release|Any CPU
		{38F1D6D3-F508-43AF-84A9-11BBDED746B6}.Release|Any CPU.Build.0 = Release|Any CPU
	EndGlobalSection
	GlobalSection(SolutionProperties) = preSolution
		HideSolutionNode = FALSE
	EndGlobalSection
	GlobalSection(ExtensibilityGlobals) = postSolution
		SolutionGuid = {BCE5A1B5-2686-43B1-9CBB-051944AFC716}
	EndGlobalSection
EndGlobal
